
Microsoft Visual Studio Solution File, Format Version 12.00
# Visual Studio 15
VisualStudioVersion = 15.0.26430.6
MinimumVisualStudioVersion = 10.0.40219.1
Project("{FAE04EC0-301F-11D3-BF4B-00C04F79EFBC}") = "projectEuler69", "projectEuler69\projectEuler69.csproj", "{4801E7B7-EFBC-4D83-BA9E-D74CA1072CEE}"
EndProject
Global
	GlobalSection(SolutionConfigurationPlatforms) = preSolution
		Debug|Any CPU = Debug|Any CPU
		Release|Any CPU = Release|Any CPU
	EndGlobalSection
	GlobalSection(ProjectConfigurationPlatforms) = postSolution
		{4801E7B7-EFBC-4D83-BA9E-D74CA1072CEE}.Debug|Any CPU.ActiveCfg = Debug|Any CPU
		{4801E7B7-EFBC-4D83-BA9E-D74CA1072CEE}.Debug|Any CPU.Build.0 = Debug|Any CPU
		{4801E7B7-EFBC-4D83-BA9E-D74CA1072CEE}.Release|Any CPU.ActiveCfg = Release|Any CPU
		{4801E7B7-EFBC-4D83-BA9E-D74CA1072CEE}.Release|Any CPU.Build.0 = Release|Any CPU
	EndGlobalSection
	GlobalSection(SolutionProperties) = preSolution
		HideSolutionNode = FALSE
	EndGlobalSection
EndGlobal
