
Microsoft Visual Studio Solution File, Format Version 12.00
# Visual Studio 15
VisualStudioVersion = 15.0.27004.2009
MinimumVisualStudioVersion = 10.0.40219.1
Project("{FAE04EC0-301F-11D3-BF4B-00C04F79EFBC}") = "adventOfCode02pt2", "adventOfCode02pt2\adventOfCode02pt2.csproj", "{B5CDE466-8F0D-4C88-8582-8254E5F3AB8D}"
EndProject
Global
	GlobalSection(SolutionConfigurationPlatforms) = preSolution
		Debug|Any CPU = Debug|Any CPU
		Release|Any CPU = Release|Any CPU
	EndGlobalSection
	GlobalSection(ProjectConfigurationPlatforms) = postSolution
		{B5CDE466-8F0D-4C88-8582-8254E5F3AB8D}.Debug|Any CPU.ActiveCfg = Debug|Any CPU
		{B5CDE466-8F0D-4C88-8582-8254E5F3AB8D}.Debug|Any CPU.Build.0 = Debug|Any CPU
		{B5CDE466-8F0D-4C88-8582-8254E5F3AB8D}.Release|Any CPU.ActiveCfg = Release|Any CPU
		{B5CDE466-8F0D-4C88-8582-8254E5F3AB8D}.Release|Any CPU.Build.0 = Release|Any CPU
	EndGlobalSection
	GlobalSection(SolutionProperties) = preSolution
		HideSolutionNode = FALSE
	EndGlobalSection
	GlobalSection(ExtensibilityGlobals) = postSolution
		SolutionGuid = {4C236104-E3DE-4DFC-87E0-94A2C520B62C}
	EndGlobalSection
EndGlobal
