
Microsoft Visual Studio Solution File, Format Version 12.00
# Visual Studio 15
VisualStudioVersion = 15.0.26430.6
MinimumVisualStudioVersion = 10.0.40219.1
Project("{FAE04EC0-301F-11D3-BF4B-00C04F79EFBC}") = "projectEuler031", "projectEuler031\projectEuler031.csproj", "{186E47EC-B221-4A6D-BCF0-6180F7DC568D}"
EndProject
Global
	GlobalSection(SolutionConfigurationPlatforms) = preSolution
		Debug|Any CPU = Debug|Any CPU
		Release|Any CPU = Release|Any CPU
	EndGlobalSection
	GlobalSection(ProjectConfigurationPlatforms) = postSolution
		{186E47EC-B221-4A6D-BCF0-6180F7DC568D}.Debug|Any CPU.ActiveCfg = Debug|Any CPU
		{186E47EC-B221-4A6D-BCF0-6180F7DC568D}.Debug|Any CPU.Build.0 = Debug|Any CPU
		{186E47EC-B221-4A6D-BCF0-6180F7DC568D}.Release|Any CPU.ActiveCfg = Release|Any CPU
		{186E47EC-B221-4A6D-BCF0-6180F7DC568D}.Release|Any CPU.Build.0 = Release|Any CPU
	EndGlobalSection
	GlobalSection(SolutionProperties) = preSolution
		HideSolutionNode = FALSE
	EndGlobalSection
EndGlobal
