
Microsoft Visual Studio Solution File, Format Version 12.00
# Visual Studio 15
VisualStudioVersion = 15.0.26430.6
MinimumVisualStudioVersion = 10.0.40219.1
Project("{FAE04EC0-301F-11D3-BF4B-00C04F79EFBC}") = "projectEuler071", "projectEuler071\projectEuler071.csproj", "{A1BDF298-C4BF-47A8-BA3F-ADCDE536E633}"
EndProject
Global
	GlobalSection(SolutionConfigurationPlatforms) = preSolution
		Debug|Any CPU = Debug|Any CPU
		Release|Any CPU = Release|Any CPU
	EndGlobalSection
	GlobalSection(ProjectConfigurationPlatforms) = postSolution
		{A1BDF298-C4BF-47A8-BA3F-ADCDE536E633}.Debug|Any CPU.ActiveCfg = Debug|Any CPU
		{A1BDF298-C4BF-47A8-BA3F-ADCDE536E633}.Debug|Any CPU.Build.0 = Debug|Any CPU
		{A1BDF298-C4BF-47A8-BA3F-ADCDE536E633}.Release|Any CPU.ActiveCfg = Release|Any CPU
		{A1BDF298-C4BF-47A8-BA3F-ADCDE536E633}.Release|Any CPU.Build.0 = Release|Any CPU
	EndGlobalSection
	GlobalSection(SolutionProperties) = preSolution
		HideSolutionNode = FALSE
	EndGlobalSection
EndGlobal
